<?xml version="1.0" encoding="utf-8"?>
<Project ToolsVersion="4.0" xmlns="http://schemas.microsoft.com/developer/msbuild/2003">
  <ItemGroup>
    <Filter Include="Source Files">
      <UniqueIdentifier>{4FC737F1-C7A5-4376-A066-2A32D752A2FF}</UniqueIdentifier>
      <Extensions>cpp;c;cc;cxx;def;odl;idl;hpj;bat;asm;asmx</Extensions>
    </Filter>
    <Filter Include="Experimental">
      <UniqueIdentifier>{900929cf-4057-4fce-9fb4-1f0091c990fa}</UniqueIdentifier>
    </Filter>
    <Filter Include="Example">
      <UniqueIdentifier>{6decd57e-42dc-49d7-9ca3-bc7adcc96ec0}</UniqueIdentifier>
    </Filter>
    <Filter Include="Windows">
      <UniqueIdentifier>{59adb80d-f237-4773-9ea2-7f7fa3d303db}</UniqueIdentifier>
    </Filter>
  </ItemGroup>
  <ItemGroup>
    <ClCompile Include="Chapter3.cpp">
      <Filter>Experimental</Filter>
    </ClCompile>
    <ClCompile Include="Network.cpp">
      <Filter>Experimental</Filter>
    </ClCompile>
    <ClCompile Include="IO_Struct.cpp">
      <Filter>Example</Filter>
    </ClCompile>
    <ClCompile Include="Windows\Server.win.cpp">
      <Filter>Windows</Filter>
    </ClCompile>
    <ClCompile Include="Windows\Client.win.cpp">
      <Filter>Windows</Filter>
    </ClCompile>
    <ClCompile Include="Entrance.cpp">
      <Filter>Example</Filter>
    </ClCompile>
    <ClCompile Include="Client.cpp">
      <Filter>Source Files</Filter>
    </ClCompile>
    <ClCompile Include="Server.cpp">
      <Filter>Source Files</Filter>
    </ClCompile>
  </ItemGroup>
  <ItemGroup>
    <ClInclude Include="ThreadGuard.h">
      <Filter>Source Files</Filter>
    </ClInclude>
    <ClInclude Include="Chapter2.h">
      <Filter>Experimental</Filter>
    </ClInclude>
    <ClInclude Include="Chapter3.h">
      <Filter>Experimental</Filter>
    </ClInclude>
    <ClInclude Include="Client.h">
      <Filter>Source Files</Filter>
    </ClInclude>
    <ClInclude Include="stack.h">
      <Filter>Source Files</Filter>
    </ClInclude>
    <ClInclude Include="Server.h">
      <Filter>Source Files</Filter>
    </ClInclude>
    <ClInclude Include="IO_Struct.h">
      <Filter>Example</Filter>
    </ClInclude>
    <ClInclude Include="InputWrapper.h">
      <Filter>Source Files</Filter>
    </ClInclude>
    <ClInclude Include="Scope_thread.h">
      <Filter>Source Files</Filter>
    </ClInclude>
    <ClInclude Include="ProxyServer.h">
      <Filter>Experimental</Filter>
    </ClInclude>
    <ClInclude Include="Windows\WindowsTCPTestFunctions.win.h">
      <Filter>Windows</Filter>
    </ClInclude>
  </ItemGroup>
</Project>